// !$*UTF8*$!
{
	archiveVersion = 1;
	classes = {
	};
	objectVersion = 46;
	objects = {

/* Begin PBXBuildFile section */
		27983F6C17AC147300F8817E /* PCStackMenu.h in Headers */ = {isa = PBXBuildFile; fileRef = 27983F6217AC147300F8817E /* PCStackMenu.h */; };
		27983F6D17AC147300F8817E /* PCStackMenu.m in Sources */ = {isa = PBXBuildFile; fileRef = 27983F6317AC147300F8817E /* PCStackMenu.m */; };
		27983F6E17AC147300F8817E /* PCStackMenuItem.h in Headers */ = {isa = PBXBuildFile; fileRef = 27983F6417AC147300F8817E /* PCStackMenuItem.h */; };
		27983F6F17AC147300F8817E /* PCStackMenuItem.m in Sources */ = {isa = PBXBuildFile; fileRef = 27983F6517AC147300F8817E /* PCStackMenuItem.m */; };
		27B6F73A17AE46B400973548 /* QuartzCore.framework in Frameworks */ = {isa = PBXBuildFile; fileRef = 27B6F73917AE46B400973548 /* QuartzCore.framework */; };
		27B6F73C17AE5BD800973548 /* Social.framework in Frameworks */ = {isa = PBXBuildFile; fileRef = 27B6F73B17AE5BD800973548 /* Social.framework */; };
		27B6F73E17AE5FE000973548 /* Accounts.framework in Frameworks */ = {isa = PBXBuildFile; fileRef = 27B6F73D17AE5FE000973548 /* Accounts.framework */; };
		27E4FEB817ABC41C0049DB7F /* Foundation.framework in Frameworks */ = {isa = PBXBuildFile; fileRef = 27E4FEB717ABC41C0049DB7F /* Foundation.framework */; };
		27E4FEC317ABC41C0049DB7F /* StackMenu.mm in Sources */ = {isa = PBXBuildFile; fileRef = 27E4FEC217ABC41C0049DB7F /* StackMenu.mm */; };
		27E4FECE17ABC8140049DB7F /* UIKit.framework in Frameworks */ = {isa = PBXBuildFile; fileRef = 27E4FECD17ABC8140049DB7F /* UIKit.framework */; };
		27E4FED017ABC8C70049DB7F /* libsubstrate.dylib in Frameworks */ = {isa = PBXBuildFile; fileRef = 27E4FECF17ABC8C70049DB7F /* libsubstrate.dylib */; };
		27E4FED217ABCD7A0049DB7F /* CoreGraphics.framework in Frameworks */ = {isa = PBXBuildFile; fileRef = 27E4FED117ABCD7A0049DB7F /* CoreGraphics.framework */; };
/* End PBXBuildFile section */

/* Begin PBXFileReference section */
		27983F6217AC147300F8817E /* PCStackMenu.h */ = {isa = PBXFileReference; fileEncoding = 4; lastKnownFileType = sourcecode.c.h; path = PCStackMenu.h; sourceTree = "<group>"; };
		27983F6317AC147300F8817E /* PCStackMenu.m */ = {isa = PBXFileReference; fileEncoding = 4; lastKnownFileType = sourcecode.c.objc; path = PCStackMenu.m; sourceTree = "<group>"; };
		27983F6417AC147300F8817E /* PCStackMenuItem.h */ = {isa = PBXFileReference; fileEncoding = 4; lastKnownFileType = sourcecode.c.h; path = PCStackMenuItem.h; sourceTree = "<group>"; };
		27983F6517AC147300F8817E /* PCStackMenuItem.m */ = {isa = PBXFileReference; fileEncoding = 4; lastKnownFileType = sourcecode.c.objc; path = PCStackMenuItem.m; sourceTree = "<group>"; };
		27983F6717AC147300F8817E /* actions@2x.png */ = {isa = PBXFileReference; lastKnownFileType = image.png; path = "actions@2x.png"; sourceTree = "<group>"; };
		27983F6817AC147300F8817E /* gear@2x.png */ = {isa = PBXFileReference; lastKnownFileType = image.png; path = "gear@2x.png"; sourceTree = "<group>"; };
		27983F6917AC147300F8817E /* magnifier@2x.png */ = {isa = PBXFileReference; lastKnownFileType = image.png; path = "magnifier@2x.png"; sourceTree = "<group>"; };
		27983F6A17AC147300F8817E /* speech@2x.png */ = {isa = PBXFileReference; lastKnownFileType = image.png; path = "speech@2x.png"; sourceTree = "<group>"; };
		27983F6B17AC147300F8817E /* twitter@2x.png */ = {isa = PBXFileReference; lastKnownFileType = image.png; path = "twitter@2x.png"; sourceTree = "<group>"; };
		27B6F73917AE46B400973548 /* QuartzCore.framework */ = {isa = PBXFileReference; lastKnownFileType = wrapper.framework; name = QuartzCore.framework; path = System/Library/Frameworks/QuartzCore.framework; sourceTree = SDKROOT; };
		27B6F73B17AE5BD800973548 /* Social.framework */ = {isa = PBXFileReference; lastKnownFileType = wrapper.framework; name = Social.framework; path = System/Library/Frameworks/Social.framework; sourceTree = SDKROOT; };
		27B6F73D17AE5FE000973548 /* Accounts.framework */ = {isa = PBXFileReference; lastKnownFileType = wrapper.framework; name = Accounts.framework; path = System/Library/Frameworks/Accounts.framework; sourceTree = SDKROOT; };
		27E4FEB417ABC41C0049DB7F /* StackMenu.dylib */ = {isa = PBXFileReference; explicitFileType = "compiled.mach-o.dylib"; includeInIndex = 0; path = StackMenu.dylib; sourceTree = BUILT_PRODUCTS_DIR; };
		27E4FEB717ABC41C0049DB7F /* Foundation.framework */ = {isa = PBXFileReference; lastKnownFileType = wrapper.framework; name = Foundation.framework; path = System/Library/Frameworks/Foundation.framework; sourceTree = SDKROOT; };
		27E4FEBC17ABC41C0049DB7F /* control.txt */ = {isa = PBXFileReference; lastKnownFileType = text; name = control.txt; path = Package/DEBIAN/control.txt; sourceTree = "<group>"; };
		27E4FEBD17ABC41C0049DB7F /* control */ = {isa = PBXFileReference; lastKnownFileType = text; name = control; path = Package/DEBIAN/control; sourceTree = "<group>"; };
		27E4FEBF17ABC41C0049DB7F /* PackageVersion.plist */ = {isa = PBXFileReference; lastKnownFileType = text.plist.xml; path = PackageVersion.plist; sourceTree = "<group>"; };
		27E4FEC017ABC41C0049DB7F /* StackMenu-Prefix.pch */ = {isa = PBXFileReference; lastKnownFileType = sourcecode.c.h; path = "StackMenu-Prefix.pch"; sourceTree = "<group>"; };
		27E4FEC117ABC41C0049DB7F /* StackMenu.xm */ = {isa = PBXFileReference; lastKnownFileType = sourcecode.cpp.objcpp; path = StackMenu.xm; sourceTree = "<group>"; xcLanguageSpecificationIdentifier = xcode.lang.objcpp; };
		27E4FEC217ABC41C0049DB7F /* StackMenu.mm */ = {isa = PBXFileReference; lastKnownFileType = sourcecode.cpp.objcpp; path = StackMenu.mm; sourceTree = "<group>"; };
		27E4FEC717ABC41C0049DB7F /* StackMenu.plist */ = {isa = PBXFileReference; lastKnownFileType = text.plist.xml; name = StackMenu.plist; path = Package/Library/MobileSubstrate/DynamicLibraries/StackMenu.plist; sourceTree = "<group>"; };
		27E4FECD17ABC8140049DB7F /* UIKit.framework */ = {isa = PBXFileReference; lastKnownFileType = wrapper.framework; name = UIKit.framework; path = System/Library/Frameworks/UIKit.framework; sourceTree = SDKROOT; };
		27E4FECF17ABC8C70049DB7F /* libsubstrate.dylib */ = {isa = PBXFileReference; lastKnownFileType = "compiled.mach-o.dylib"; name = libsubstrate.dylib; path = ../../../../opt/iOSOpenDev/lib/libsubstrate.dylib; sourceTree = "<group>"; };
		27E4FED117ABCD7A0049DB7F /* CoreGraphics.framework */ = {isa = PBXFileReference; lastKnownFileType = wrapper.framework; name = CoreGraphics.framework; path = System/Library/Frameworks/CoreGraphics.framework; sourceTree = SDKROOT; };
/* End PBXFileReference section */

/* Begin PBXFrameworksBuildPhase section */
		27E4FEB017ABC41C0049DB7F /* Frameworks */ = {
			isa = PBXFrameworksBuildPhase;
			buildActionMask = 2147483647;
			files = (
				27B6F73E17AE5FE000973548 /* Accounts.framework in Frameworks */,
				27B6F73C17AE5BD800973548 /* Social.framework in Frameworks */,
				27B6F73A17AE46B400973548 /* QuartzCore.framework in Frameworks */,
				27E4FED217ABCD7A0049DB7F /* CoreGraphics.framework in Frameworks */,
				27E4FED017ABC8C70049DB7F /* libsubstrate.dylib in Frameworks */,
				27E4FECE17ABC8140049DB7F /* UIKit.framework in Frameworks */,
				27E4FEB817ABC41C0049DB7F /* Foundation.framework in Frameworks */,
			);
			runOnlyForDeploymentPostprocessing = 0;
		};
/* End PBXFrameworksBuildPhase section */

/* Begin PBXGroup section */
		27983F6617AC147300F8817E /* images */ = {
			isa = PBXGroup;
			children = (
				27983F6717AC147300F8817E /* actions@2x.png */,
				27983F6817AC147300F8817E /* gear@2x.png */,
				27983F6917AC147300F8817E /* magnifier@2x.png */,
				27983F6A17AC147300F8817E /* speech@2x.png */,
				27983F6B17AC147300F8817E /* twitter@2x.png */,
			);
			path = images;
			sourceTree = "<group>";
		};
		27E4FEA917ABC41B0049DB7F = {
			isa = PBXGroup;
			children = (
				27B6F73D17AE5FE000973548 /* Accounts.framework */,
				27B6F73B17AE5BD800973548 /* Social.framework */,
				27B6F73917AE46B400973548 /* QuartzCore.framework */,
				27983F6217AC147300F8817E /* PCStackMenu.h */,
				27983F6317AC147300F8817E /* PCStackMenu.m */,
				27983F6417AC147300F8817E /* PCStackMenuItem.h */,
				27983F6517AC147300F8817E /* PCStackMenuItem.m */,
				27983F6617AC147300F8817E /* images */,
				27E4FED117ABCD7A0049DB7F /* CoreGraphics.framework */,
				27E4FECF17ABC8C70049DB7F /* libsubstrate.dylib */,
				27E4FECD17ABC8140049DB7F /* UIKit.framework */,
				27E4FEB917ABC41C0049DB7F /* StackMenu */,
				27E4FEB617ABC41C0049DB7F /* Frameworks */,
				27E4FEB517ABC41C0049DB7F /* Products */,
			);
			sourceTree = "<group>";
		};
		27E4FEB517ABC41C0049DB7F /* Products */ = {
			isa = PBXGroup;
			children = (
				27E4FEB417ABC41C0049DB7F /* StackMenu.dylib */,
			);
			name = Products;
			sourceTree = "<group>";
		};
		27E4FEB617ABC41C0049DB7F /* Frameworks */ = {
			isa = PBXGroup;
			children = (
				27E4FEB717ABC41C0049DB7F /* Foundation.framework */,
			);
			name = Frameworks;
			sourceTree = "<group>";
		};
		27E4FEB917ABC41C0049DB7F /* StackMenu */ = {
			isa = PBXGroup;
			children = (
				27E4FEC117ABC41C0049DB7F /* StackMenu.xm */,
				27E4FEC217ABC41C0049DB7F /* StackMenu.mm */,
				27E4FEBA17ABC41C0049DB7F /* Package */,
				27E4FEBE17ABC41C0049DB7F /* Supporting Files */,
			);
			path = StackMenu;
			sourceTree = "<group>";
		};
		27E4FEBA17ABC41C0049DB7F /* Package */ = {
			isa = PBXGroup;
			children = (
				27E4FEBB17ABC41C0049DB7F /* DEBIAN */,
				27E4FEC417ABC41C0049DB7F /* Library */,
			);
			name = Package;
			sourceTree = "<group>";
		};
		27E4FEBB17ABC41C0049DB7F /* DEBIAN */ = {
			isa = PBXGroup;
			children = (
				27E4FEBC17ABC41C0049DB7F /* control.txt */,
				27E4FEBD17ABC41C0049DB7F /* control */,
			);
			name = DEBIAN;
			sourceTree = "<group>";
		};
		27E4FEBE17ABC41C0049DB7F /* Supporting Files */ = {
			isa = PBXGroup;
			children = (
				27E4FEBF17ABC41C0049DB7F /* PackageVersion.plist */,
				27E4FEC017ABC41C0049DB7F /* StackMenu-Prefix.pch */,
			);
			name = "Supporting Files";
			sourceTree = "<group>";
		};
		27E4FEC417ABC41C0049DB7F /* Library */ = {
			isa = PBXGroup;
			children = (
				27E4FEC517ABC41C0049DB7F /* MobileSubstrate */,
			);
			name = Library;
			sourceTree = "<group>";
		};
		27E4FEC517ABC41C0049DB7F /* MobileSubstrate */ = {
			isa = PBXGroup;
			children = (
				27E4FEC617ABC41C0049DB7F /* DynamicLibraries */,
			);
			name = MobileSubstrate;
			sourceTree = "<group>";
		};
		27E4FEC617ABC41C0049DB7F /* DynamicLibraries */ = {
			isa = PBXGroup;
			children = (
				27E4FEC717ABC41C0049DB7F /* StackMenu.plist */,
			);
			name = DynamicLibraries;
			sourceTree = "<group>";
		};
/* End PBXGroup section */

/* Begin PBXHeadersBuildPhase section */
		27E4FEB117ABC41C0049DB7F /* Headers */ = {
			isa = PBXHeadersBuildPhase;
			buildActionMask = 2147483647;
			files = (
				27983F6C17AC147300F8817E /* PCStackMenu.h in Headers */,
				27983F6E17AC147300F8817E /* PCStackMenuItem.h in Headers */,
			);
			runOnlyForDeploymentPostprocessing = 0;
		};
/* End PBXHeadersBuildPhase section */

/* Begin PBXNativeTarget section */
		27E4FEB317ABC41C0049DB7F /* StackMenu */ = {
			isa = PBXNativeTarget;
			buildConfigurationList = 27E4FECA17ABC41C0049DB7F /* Build configuration list for PBXNativeTarget "StackMenu" */;
			buildPhases = (
				27E4FEAE17ABC41C0049DB7F /* ShellScript */,
				27E4FEAF17ABC41C0049DB7F /* Sources */,
				27E4FEB017ABC41C0049DB7F /* Frameworks */,
				27E4FEB117ABC41C0049DB7F /* Headers */,
				27E4FEB217ABC41C0049DB7F /* ShellScript */,
			);
			buildRules = (
			);
			dependencies = (
			);
			name = StackMenu;
			productName = StackMenu;
			productReference = 27E4FEB417ABC41C0049DB7F /* StackMenu.dylib */;
			productType = "com.apple.product-type.library.dynamic";
		};
/* End PBXNativeTarget section */

/* Begin PBXProject section */
		27E4FEAA17ABC41B0049DB7F /* Project object */ = {
			isa = PBXProject;
			attributes = {
				LastUpgradeCheck = 0460;
			};
			buildConfigurationList = 27E4FEAD17ABC41B0049DB7F /* Build configuration list for PBXProject "StackMenu" */;
			compatibilityVersion = "Xcode 3.2";
			developmentRegion = English;
			hasScannedForEncodings = 0;
			knownRegions = (
				en,
			);
			mainGroup = 27E4FEA917ABC41B0049DB7F;
			productRefGroup = 27E4FEB517ABC41C0049DB7F /* Products */;
			projectDirPath = "";
			projectRoot = "";
			targets = (
				27E4FEB317ABC41C0049DB7F /* StackMenu */,
			);
		};
/* End PBXProject section */

/* Begin PBXShellScriptBuildPhase section */
		27E4FEAE17ABC41C0049DB7F /* ShellScript */ = {
			isa = PBXShellScriptBuildPhase;
			buildActionMask = 2147483647;
			files = (
			);
			inputPaths = (
			);
			outputPaths = (
			);
			runOnlyForDeploymentPostprocessing = 0;
			shellPath = /bin/sh;
			shellScript = "/opt/iOSOpenDev/bin/iosod --xcbp-logos";
		};
		27E4FEB217ABC41C0049DB7F /* ShellScript */ = {
			isa = PBXShellScriptBuildPhase;
			buildActionMask = 2147483647;
			files = (
			);
			inputPaths = (
			);
			outputPaths = (
			);
			runOnlyForDeploymentPostprocessing = 0;
			shellPath = /bin/sh;
			shellScript = "/opt/iOSOpenDev/bin/iosod --xcbp";
		};
/* End PBXShellScriptBuildPhase section */

/* Begin PBXSourcesBuildPhase section */
		27E4FEAF17ABC41C0049DB7F /* Sources */ = {
			isa = PBXSourcesBuildPhase;
			buildActionMask = 2147483647;
			files = (
				27E4FEC317ABC41C0049DB7F /* StackMenu.mm in Sources */,
				27983F6D17AC147300F8817E /* PCStackMenu.m in Sources */,
				27983F6F17AC147300F8817E /* PCStackMenuItem.m in Sources */,
			);
			runOnlyForDeploymentPostprocessing = 0;
		};
/* End PBXSourcesBuildPhase section */

/* Begin XCBuildConfiguration section */
		27E4FEC817ABC41C0049DB7F /* Debug */ = {
			isa = XCBuildConfiguration;
			buildSettings = {
				CLANG_ENABLE_OBJC_ARC = YES;
				COPY_PHASE_STRIP = NO;
				EXCLUDED_RECURSIVE_SEARCH_PATH_SUBDIRECTORIES = "*.nib *.lproj *.gch (*) .DS_Store CVS .svn .git .hg *.xcodeproj *.xcode *.pbproj *.pbxproj";
				FRAMEWORK_SEARCH_PATHS = (
					"$(iOSOpenDevPath)/frameworks/**",
					"$(SDKROOT)/System/Library/PrivateFrameworks",
				);
				GCC_C_LANGUAGE_STANDARD = gnu99;
				GCC_DYNAMIC_NO_PIC = NO;
				GCC_OPTIMIZATION_LEVEL = 0;
				GCC_PREPROCESSOR_DEFINITIONS = (
					"DEBUG=1",
					"$(inherited)",
				);
				GCC_SYMBOLS_PRIVATE_EXTERN = NO;
				GCC_WARN_ABOUT_MISSING_PROTOTYPES = YES;
				GCC_WARN_ABOUT_RETURN_TYPE = YES;
				GCC_WARN_UNUSED_VARIABLE = YES;
				HEADER_SEARCH_PATHS = "$(iOSOpenDevPath)/include/**";
				IPHONEOS_DEPLOYMENT_TARGET = 6.1;
				LIBRARY_SEARCH_PATHS = "$(iOSOpenDevPath)/lib/**";
				ONLY_ACTIVE_ARCH = YES;
				SDKROOT = iphoneos;
				TARGETED_DEVICE_FAMILY = "1,2";
				VALIDATE_PRODUCT = NO;
				iOSOpenDevPath = /opt/iOSOpenDev;
			};
			name = Debug;
		};
		27E4FEC917ABC41C0049DB7F /* Release */ = {
			isa = XCBuildConfiguration;
			buildSettings = {
				CLANG_ENABLE_OBJC_ARC = YES;
				COPY_PHASE_STRIP = YES;
				EXCLUDED_RECURSIVE_SEARCH_PATH_SUBDIRECTORIES = "*.nib *.lproj *.gch (*) .DS_Store CVS .svn .git .hg *.xcodeproj *.xcode *.pbproj *.pbxproj";
				FRAMEWORK_SEARCH_PATHS = (
					"$(iOSOpenDevPath)/frameworks/**",
					"$(SDKROOT)/System/Library/PrivateFrameworks",
				);
				GCC_C_LANGUAGE_STANDARD = gnu99;
				GCC_WARN_ABOUT_MISSING_PROTOTYPES = YES;
				GCC_WARN_ABOUT_RETURN_TYPE = YES;
				GCC_WARN_UNUSED_VARIABLE = YES;
				HEADER_SEARCH_PATHS = "$(iOSOpenDevPath)/include/**";
				IPHONEOS_DEPLOYMENT_TARGET = 6.1;
				LIBRARY_SEARCH_PATHS = "$(iOSOpenDevPath)/lib/**";
				SDKROOT = iphoneos;
				TARGETED_DEVICE_FAMILY = "1,2";
				VALIDATE_PRODUCT = YES;
				iOSOpenDevPath = /opt/iOSOpenDev;
			};
			name = Release;
		};
		27E4FECB17ABC41C0049DB7F /* Debug */ = {
			isa = XCBuildConfiguration;
			buildSettings = {
				CODE_SIGN_IDENTITY = "";
				DYLIB_COMPATIBILITY_VERSION = 1;
				DYLIB_CURRENT_VERSION = 1;
				GCC_PRECOMPILE_PREFIX_HEADER = YES;
				GCC_PREFIX_HEADER = "StackMenu/StackMenu-Prefix.pch";
				INSTALL_PATH = /Library/MobileSubstrate/DynamicLibraries;
				LIBRARY_SEARCH_PATHS = (
					"$(inherited)",
					/opt/iOSOpenDev/lib,
				);
				PRODUCT_NAME = "$(TARGET_NAME)";
				iOSOpenDevBuildPackageOnAnyBuild = NO;
				iOSOpenDevCopyOnBuild = NO;
				iOSOpenDevDevice = 192.168.0.102;
				iOSOpenDevInstallOnAnyBuild = NO;
				iOSOpenDevInstallOnProfiling = YES;
				iOSOpenDevRespringOnInstall = YES;
				iOSOpenDevUsePackageVersionPList = YES;
			};
			name = Debug;
		};
		27E4FECC17ABC41C0049DB7F /* Release */ = {
			isa = XCBuildConfiguration;
			buildSettings = {
				CODE_SIGN_IDENTITY = "";
				DYLIB_COMPATIBILITY_VERSION = 1;
				DYLIB_CURRENT_VERSION = 1;
				GCC_PRECOMPILE_PREFIX_HEADER = YES;
				GCC_PREFIX_HEADER = "StackMenu/StackMenu-Prefix.pch";
				INSTALL_PATH = /Library/MobileSubstrate/DynamicLibraries;
				LIBRARY_SEARCH_PATHS = (
					"$(inherited)",
					/opt/iOSOpenDev/lib,
				);
				PRODUCT_NAME = "$(TARGET_NAME)";
				iOSOpenDevBuildPackageOnAnyBuild = NO;
				iOSOpenDevCopyOnBuild = NO;
				iOSOpenDevDevice = 192.168.0.102;
				iOSOpenDevInstallOnAnyBuild = NO;
				iOSOpenDevInstallOnProfiling = YES;
				iOSOpenDevRespringOnInstall = YES;
				iOSOpenDevUsePackageVersionPList = YES;
			};
			name = Release;
		};
/* End XCBuildConfiguration section */

/* Begin XCConfigurationList section */
		27E4FEAD17ABC41B0049DB7F /* Build configuration list for PBXProject "StackMenu" */ = {
			isa = XCConfigurationList;
			buildConfigurations = (
				27E4FEC817ABC41C0049DB7F /* Debug */,
				27E4FEC917ABC41C0049DB7F /* Release */,
			);
			defaultConfigurationIsVisible = 0;
			defaultConfigurationName = Release;
		};
		27E4FECA17ABC41C0049DB7F /* Build configuration list for PBXNativeTarget "StackMenu" */ = {
			isa = XCConfigurationList;
			buildConfigurations = (
				27E4FECB17ABC41C0049DB7F /* Debug */,
				27E4FECC17ABC41C0049DB7F /* Release */,
			);
			defaultConfigurationIsVisible = 0;
			defaultConfigurationName = Release;
		};
/* End XCConfigurationList section */
	};
	rootObject = 27E4FEAA17ABC41B0049DB7F /* Project object */;
}
